
Microsoft Visual Studio Solution File, Format Version 12.00
# Visual Studio Version 17
VisualStudioVersion = 17.4.33213.308
MinimumVisualStudioVersion = 10.0.40219.1
Project("{9A19103F-16F7-4668-BE54-9A1E7A4F7556}") = "SubEmailGenerator", "SubEmailGenerator.csproj", "{7A963EAC-841E-4EBB-BFA2-109614B947B7}"
EndProject
Global
	GlobalSection(SolutionConfigurationPlatforms) = preSolution
		Debug|Any CPU = Debug|Any CPU
		Release|Any CPU = Release|Any CPU
	EndGlobalSection
	GlobalSection(ProjectConfigurationPlatforms) = postSolution
		{7A963EAC-841E-4EBB-BFA2-109614B947B7}.Debug|Any CPU.ActiveCfg = Debug|Any CPU
		{7A963EAC-841E-4EBB-BFA2-109614B947B7}.Debug|Any CPU.Build.0 = Debug|Any CPU
		{7A963EAC-841E-4EBB-BFA2-109614B947B7}.Release|Any CPU.ActiveCfg = Release|Any CPU
		{7A963EAC-841E-4EBB-BFA2-109614B947B7}.Release|Any CPU.Build.0 = Release|Any CPU
	EndGlobalSection
	GlobalSection(SolutionProperties) = preSolution
		HideSolutionNode = FALSE
	EndGlobalSection
	GlobalSection(ExtensibilityGlobals) = postSolution
		SolutionGuid = {73F752EE-C5F6-4FE4-B876-B3F84E04CA3A}
	EndGlobalSection
EndGlobal
